
Microsoft Visual Studio Solution File, Format Version 12.00
# Visual Studio Version 16
VisualStudioVersion = 16.0.31613.86
MinimumVisualStudioVersion = 10.0.40219.1
Project("{FAE04EC0-301F-11D3-BF4B-00C04F79EFBC}") = "calculadora", "calculadora\calculadora.csproj", "{BC45353E-A803-47C1-A43D-BBB14B4EB662}"
EndProject
Global
	GlobalSection(SolutionConfigurationPlatforms) = preSolution
		Debug|Any CPU = Debug|Any CPU
		Release|Any CPU = Release|Any CPU
	EndGlobalSection
	GlobalSection(ProjectConfigurationPlatforms) = postSolution
		{BC45353E-A803-47C1-A43D-BBB14B4EB662}.Debug|Any CPU.ActiveCfg = Debug|Any CPU
		{BC45353E-A803-47C1-A43D-BBB14B4EB662}.Debug|Any CPU.Build.0 = Debug|Any CPU
		{BC45353E-A803-47C1-A43D-BBB14B4EB662}.Release|Any CPU.ActiveCfg = Release|Any CPU
		{BC45353E-A803-47C1-A43D-BBB14B4EB662}.Release|Any CPU.Build.0 = Release|Any CPU
	EndGlobalSection
	GlobalSection(SolutionProperties) = preSolution
		HideSolutionNode = FALSE
	EndGlobalSection
	GlobalSection(ExtensibilityGlobals) = postSolution
		SolutionGuid = {538E6A38-5D39-4F6A-B9A1-1F104EB9F9F1}
	EndGlobalSection
EndGlobal
